
Microsoft Visual Studio Solution File, Format Version 12.00
# Visual Studio 15
VisualStudioVersion = 15.0.27004.2002
MinimumVisualStudioVersion = 10.0.40219.1
Project("{9A19103F-16F7-4668-BE54-9A1E7A4F7556}") = "AppointmentSystem.BusinessContracts", "AppointmentSystem.BusinessContracts\AppointmentSystem.BusinessContracts.csproj", "{17437307-5B1A-4158-B394-E90E277DDD7C}"
EndProject
Project("{9A19103F-16F7-4668-BE54-9A1E7A4F7556}") = "AppointmentSystem.BusinessImplementation", "AppointmentSystem.BusinessImplementation\AppointmentSystem.BusinessImplementation.csproj", "{F8F7EE57-A9A0-44ED-A9C8-CE6CF778DEF9}"
EndProject
Project("{FAE04EC0-301F-11D3-BF4B-00C04F79EFBC}") = "AppointmentSystem.Tests", "AppointmentSystem.Tests\AppointmentSystem.Tests.csproj", "{231FC048-2EF1-4CC1-AA2E-9D29EB7BC55B}"
EndProject
Project("{9A19103F-16F7-4668-BE54-9A1E7A4F7556}") = "AppointmentSystem.Domain", "AppointmentSystem.Domain\AppointmentSystem.Domain.csproj", "{CD5D2476-E322-428E-B156-EFC683B28F1B}"
EndProject
Project("{9A19103F-16F7-4668-BE54-9A1E7A4F7556}") = "AppointmentSystem.Utils", "AppointmentSystem.Utils\AppointmentSystem.Utils.csproj", "{84E69A4B-555D-496E-BE33-6F1236C46AF4}"
EndProject
Global
	GlobalSection(SolutionConfigurationPlatforms) = preSolution
		Debug|Any CPU = Debug|Any CPU
		Release|Any CPU = Release|Any CPU
	EndGlobalSection
	GlobalSection(ProjectConfigurationPlatforms) = postSolution
		{17437307-5B1A-4158-B394-E90E277DDD7C}.Debug|Any CPU.ActiveCfg = Debug|Any CPU
		{17437307-5B1A-4158-B394-E90E277DDD7C}.Debug|Any CPU.Build.0 = Debug|Any CPU
		{17437307-5B1A-4158-B394-E90E277DDD7C}.Release|Any CPU.ActiveCfg = Release|Any CPU
		{17437307-5B1A-4158-B394-E90E277DDD7C}.Release|Any CPU.Build.0 = Release|Any CPU
		{F8F7EE57-A9A0-44ED-A9C8-CE6CF778DEF9}.Debug|Any CPU.ActiveCfg = Debug|Any CPU
		{F8F7EE57-A9A0-44ED-A9C8-CE6CF778DEF9}.Debug|Any CPU.Build.0 = Debug|Any CPU
		{F8F7EE57-A9A0-44ED-A9C8-CE6CF778DEF9}.Release|Any CPU.ActiveCfg = Release|Any CPU
		{F8F7EE57-A9A0-44ED-A9C8-CE6CF778DEF9}.Release|Any CPU.Build.0 = Release|Any CPU
		{231FC048-2EF1-4CC1-AA2E-9D29EB7BC55B}.Debug|Any CPU.ActiveCfg = Debug|Any CPU
		{231FC048-2EF1-4CC1-AA2E-9D29EB7BC55B}.Debug|Any CPU.Build.0 = Debug|Any CPU
		{231FC048-2EF1-4CC1-AA2E-9D29EB7BC55B}.Release|Any CPU.ActiveCfg = Release|Any CPU
		{231FC048-2EF1-4CC1-AA2E-9D29EB7BC55B}.Release|Any CPU.Build.0 = Release|Any CPU
		{CD5D2476-E322-428E-B156-EFC683B28F1B}.Debug|Any CPU.ActiveCfg = Debug|Any CPU
		{CD5D2476-E322-428E-B156-EFC683B28F1B}.Debug|Any CPU.Build.0 = Debug|Any CPU
		{CD5D2476-E322-428E-B156-EFC683B28F1B}.Release|Any CPU.ActiveCfg = Release|Any CPU
		{CD5D2476-E322-428E-B156-EFC683B28F1B}.Release|Any CPU.Build.0 = Release|Any CPU
		{84E69A4B-555D-496E-BE33-6F1236C46AF4}.Debug|Any CPU.ActiveCfg = Debug|Any CPU
		{84E69A4B-555D-496E-BE33-6F1236C46AF4}.Debug|Any CPU.Build.0 = Debug|Any CPU
		{84E69A4B-555D-496E-BE33-6F1236C46AF4}.Release|Any CPU.ActiveCfg = Release|Any CPU
		{84E69A4B-555D-496E-BE33-6F1236C46AF4}.Release|Any CPU.Build.0 = Release|Any CPU
	EndGlobalSection
	GlobalSection(SolutionProperties) = preSolution
		HideSolutionNode = FALSE
	EndGlobalSection
	GlobalSection(ExtensibilityGlobals) = postSolution
		SolutionGuid = {EBC05024-5670-43C3-B6EE-B1B1118BBF71}
	EndGlobalSection
EndGlobal
